
Microsoft Visual Studio Solution File, Format Version 12.00
# Visual Studio Version 17
VisualStudioVersion = 17.5.33530.505
MinimumVisualStudioVersion = 10.0.40219.1
Project("{FAE04EC0-301F-11D3-BF4B-00C04F79EFBC}") = "StoreFront.UI.MVC", "StoreFront.UI.MVC\StoreFront.UI.MVC.csproj", "{51B4D4EF-567A-4314-986A-AC29C8D25772}"
EndProject
Project("{FAE04EC0-301F-11D3-BF4B-00C04F79EFBC}") = "StoreFront.DATA.EF", "StoreFront.DATA.EF\StoreFront.DATA.EF.csproj", "{EA89F981-0D19-45A3-9912-3671DBD93681}"
EndProject
Global
	GlobalSection(SolutionConfigurationPlatforms) = preSolution
		Debug|Any CPU = Debug|Any CPU
		Release|Any CPU = Release|Any CPU
	EndGlobalSection
	GlobalSection(ProjectConfigurationPlatforms) = postSolution
		{51B4D4EF-567A-4314-986A-AC29C8D25772}.Debug|Any CPU.ActiveCfg = Debug|Any CPU
		{51B4D4EF-567A-4314-986A-AC29C8D25772}.Debug|Any CPU.Build.0 = Debug|Any CPU
		{51B4D4EF-567A-4314-986A-AC29C8D25772}.Release|Any CPU.ActiveCfg = Release|Any CPU
		{51B4D4EF-567A-4314-986A-AC29C8D25772}.Release|Any CPU.Build.0 = Release|Any CPU
		{EA89F981-0D19-45A3-9912-3671DBD93681}.Debug|Any CPU.ActiveCfg = Debug|Any CPU
		{EA89F981-0D19-45A3-9912-3671DBD93681}.Debug|Any CPU.Build.0 = Debug|Any CPU
		{EA89F981-0D19-45A3-9912-3671DBD93681}.Release|Any CPU.ActiveCfg = Release|Any CPU
		{EA89F981-0D19-45A3-9912-3671DBD93681}.Release|Any CPU.Build.0 = Release|Any CPU
	EndGlobalSection
	GlobalSection(SolutionProperties) = preSolution
		HideSolutionNode = FALSE
	EndGlobalSection
	GlobalSection(ExtensibilityGlobals) = postSolution
		SolutionGuid = {6451F483-C873-4E99-96E3-AA58FD499AE4}
	EndGlobalSection
EndGlobal
